
Microsoft Visual Studio Solution File, Format Version 12.00
Project("{FAE04EC0-301F-11D3-BF4B-00C04F79EFBC}") = "Letshack.WebAPI", "Letshack.WebAPI\Letshack.WebAPI.csproj", "{04BB6635-7AEE-42E1-A39C-DA1BEC59BE8C}"
EndProject
Global
	GlobalSection(SolutionConfigurationPlatforms) = preSolution
		Debug|Any CPU = Debug|Any CPU
		Release|Any CPU = Release|Any CPU
	EndGlobalSection
	GlobalSection(ProjectConfigurationPlatforms) = postSolution
		{04BB6635-7AEE-42E1-A39C-DA1BEC59BE8C}.Debug|Any CPU.ActiveCfg = Debug|Any CPU
		{04BB6635-7AEE-42E1-A39C-DA1BEC59BE8C}.Debug|Any CPU.Build.0 = Debug|Any CPU
		{04BB6635-7AEE-42E1-A39C-DA1BEC59BE8C}.Release|Any CPU.ActiveCfg = Release|Any CPU
		{04BB6635-7AEE-42E1-A39C-DA1BEC59BE8C}.Release|Any CPU.Build.0 = Release|Any CPU
	EndGlobalSection
EndGlobal
